
Microsoft Visual Studio Solution File, Format Version 12.00
# Visual Studio Version 17
VisualStudioVersion = 17.4.33205.214
MinimumVisualStudioVersion = 10.0.40219.1
Project("{8BC9CEB8-8B4A-11D0-8D11-00A0C91BC942}") = "ClassPractice", "ClassPractice\ClassPractice.vcxproj", "{95DA36C8-F5DB-4E1A-8A65-089062F29022}"
EndProject
Project("{8BC9CEB8-8B4A-11D0-8D11-00A0C91BC942}") = "CP02_Dynamic_Stack_Queue", "CP02_Dynamic_Stack_Queue\CP02_Dynamic_Stack_Queue.vcxproj", "{19945103-A8C9-4C9A-BB83-DD0CB3FF1A10}"
EndProject
Project("{8BC9CEB8-8B4A-11D0-8D11-00A0C91BC942}") = "CP03_StringClass", "CP03_StringClass\CP03_StringClass.vcxproj", "{8027B317-567C-4570-B19E-56DE9F528879}"
EndProject
Global
	GlobalSection(SolutionConfigurationPlatforms) = preSolution
		Debug|x64 = Debug|x64
		Debug|x86 = Debug|x86
		Release|x64 = Release|x64
		Release|x86 = Release|x86
	EndGlobalSection
	GlobalSection(ProjectConfigurationPlatforms) = postSolution
		{95DA36C8-F5DB-4E1A-8A65-089062F29022}.Debug|x64.ActiveCfg = Debug|x64
		{95DA36C8-F5DB-4E1A-8A65-089062F29022}.Debug|x64.Build.0 = Debug|x64
		{95DA36C8-F5DB-4E1A-8A65-089062F29022}.Debug|x86.ActiveCfg = Debug|Win32
		{95DA36C8-F5DB-4E1A-8A65-089062F29022}.Debug|x86.Build.0 = Debug|Win32
		{95DA36C8-F5DB-4E1A-8A65-089062F29022}.Release|x64.ActiveCfg = Release|x64
		{95DA36C8-F5DB-4E1A-8A65-089062F29022}.Release|x64.Build.0 = Release|x64
		{95DA36C8-F5DB-4E1A-8A65-089062F29022}.Release|x86.ActiveCfg = Release|Win32
		{95DA36C8-F5DB-4E1A-8A65-089062F29022}.Release|x86.Build.0 = Release|Win32
		{19945103-A8C9-4C9A-BB83-DD0CB3FF1A10}.Debug|x64.ActiveCfg = Debug|x64
		{19945103-A8C9-4C9A-BB83-DD0CB3FF1A10}.Debug|x64.Build.0 = Debug|x64
		{19945103-A8C9-4C9A-BB83-DD0CB3FF1A10}.Debug|x86.ActiveCfg = Debug|Win32
		{19945103-A8C9-4C9A-BB83-DD0CB3FF1A10}.Debug|x86.Build.0 = Debug|Win32
		{19945103-A8C9-4C9A-BB83-DD0CB3FF1A10}.Release|x64.ActiveCfg = Release|x64
		{19945103-A8C9-4C9A-BB83-DD0CB3FF1A10}.Release|x64.Build.0 = Release|x64
		{19945103-A8C9-4C9A-BB83-DD0CB3FF1A10}.Release|x86.ActiveCfg = Release|Win32
		{19945103-A8C9-4C9A-BB83-DD0CB3FF1A10}.Release|x86.Build.0 = Release|Win32
		{8027B317-567C-4570-B19E-56DE9F528879}.Debug|x64.ActiveCfg = Debug|x64
		{8027B317-567C-4570-B19E-56DE9F528879}.Debug|x64.Build.0 = Debug|x64
		{8027B317-567C-4570-B19E-56DE9F528879}.Debug|x86.ActiveCfg = Debug|Win32
		{8027B317-567C-4570-B19E-56DE9F528879}.Debug|x86.Build.0 = Debug|Win32
		{8027B317-567C-4570-B19E-56DE9F528879}.Release|x64.ActiveCfg = Release|x64
		{8027B317-567C-4570-B19E-56DE9F528879}.Release|x64.Build.0 = Release|x64
		{8027B317-567C-4570-B19E-56DE9F528879}.Release|x86.ActiveCfg = Release|Win32
		{8027B317-567C-4570-B19E-56DE9F528879}.Release|x86.Build.0 = Release|Win32
	EndGlobalSection
	GlobalSection(SolutionProperties) = preSolution
		HideSolutionNode = FALSE
	EndGlobalSection
	GlobalSection(ExtensibilityGlobals) = postSolution
		SolutionGuid = {F9CDC2EA-B3F0-454E-AE8B-022D8E177702}
	EndGlobalSection
EndGlobal
